
Microsoft Visual Studio Solution File, Format Version 12.00
# Visual Studio Version 17
VisualStudioVersion = 17.4.33122.133
MinimumVisualStudioVersion = 10.0.40219.1
Project("{FAE04EC0-301F-11D3-BF4B-00C04F79EFBC}") = "Lab3", "Lab3\Lab3.csproj", "{5D066841-0E4F-431B-82C2-A6D5D4FC4B22}"
EndProject
Global
	GlobalSection(SolutionConfigurationPlatforms) = preSolution
		Debug|Any CPU = Debug|Any CPU
		Release|Any CPU = Release|Any CPU
	EndGlobalSection
	GlobalSection(ProjectConfigurationPlatforms) = postSolution
		{5D066841-0E4F-431B-82C2-A6D5D4FC4B22}.Debug|Any CPU.ActiveCfg = Debug|Any CPU
		{5D066841-0E4F-431B-82C2-A6D5D4FC4B22}.Debug|Any CPU.Build.0 = Debug|Any CPU
		{5D066841-0E4F-431B-82C2-A6D5D4FC4B22}.Release|Any CPU.ActiveCfg = Release|Any CPU
		{5D066841-0E4F-431B-82C2-A6D5D4FC4B22}.Release|Any CPU.Build.0 = Release|Any CPU
	EndGlobalSection
	GlobalSection(SolutionProperties) = preSolution
		HideSolutionNode = FALSE
	EndGlobalSection
	GlobalSection(ExtensibilityGlobals) = postSolution
		SolutionGuid = {700EE21E-5EB2-4356-AD20-C4F9B0380B74}
	EndGlobalSection
EndGlobal
